
Microsoft Visual Studio Solution File, Format Version 12.00
# Visual Studio 15
Project("{FAE04EC0-301F-11D3-BF4B-00C04F79EFBC}") = "BondHolders", "BondHolders.csproj", "{174455F1-8EAF-47B0-B4CD-C94D5E153264}"
EndProject
Global
	GlobalSection(SolutionConfigurationPlatforms) = preSolution
		Debug|Any CPU = Debug|Any CPU
		Release|Any CPU = Release|Any CPU
	EndGlobalSection
	GlobalSection(ProjectConfigurationPlatforms) = postSolution
		{174455F1-8EAF-47B0-B4CD-C94D5E153264}.Debug|Any CPU.ActiveCfg = Debug|Any CPU
		{174455F1-8EAF-47B0-B4CD-C94D5E153264}.Debug|Any CPU.Build.0 = Debug|Any CPU
		{174455F1-8EAF-47B0-B4CD-C94D5E153264}.Release|Any CPU.ActiveCfg = Release|Any CPU
		{174455F1-8EAF-47B0-B4CD-C94D5E153264}.Release|Any CPU.Build.0 = Release|Any CPU
	EndGlobalSection
EndGlobal
